
Microsoft Visual Studio Solution File, Format Version 12.00
# Visual Studio Version 16
VisualStudioVersion = 16.0.30011.22
MinimumVisualStudioVersion = 10.0.40219.1
Project("{2150E333-8FDC-42A3-9474-1A3956D46DE8}") = "0 - Presentation", "0 - Presentation", "{83149038-71CE-4B68-9037-4EC246B72404}"
EndProject
Project("{2150E333-8FDC-42A3-9474-1A3956D46DE8}") = "1 - Services", "1 - Services", "{327A84F1-8F33-4F99-8287-EF09A5BBDA04}"
EndProject
Project("{FAE04EC0-301F-11D3-BF4B-00C04F79EFBC}") = "Contratos.Services", "Contratos.Services\Contratos.Services.csproj", "{C328E857-00DB-419B-8BF7-876DD2E0408D}"
EndProject
Project("{2150E333-8FDC-42A3-9474-1A3956D46DE8}") = "2 - Domain", "2 - Domain", "{62144C48-0717-4F13-A67B-DFF8EE9893AB}"
EndProject
Project("{FAE04EC0-301F-11D3-BF4B-00C04F79EFBC}") = "Contratos.Domain", "Contratos.Domain\Contratos.Domain.csproj", "{D7AA5C43-FD30-42FC-AF6F-B8CD0C329943}"
EndProject
Project("{2150E333-8FDC-42A3-9474-1A3956D46DE8}") = "3 - Infra", "3 - Infra", "{F05DEAEA-CE44-431F-AA26-9411501E520D}"
EndProject
Project("{2150E333-8FDC-42A3-9474-1A3956D46DE8}") = "3.1 - Crosscuting", "3.1 - Crosscuting", "{7E0A8916-07B3-492A-A51A-F998606B3AEA}"
EndProject
Project("{2150E333-8FDC-42A3-9474-1A3956D46DE8}") = "3.2 - Repositories", "3.2 - Repositories", "{F8D65FB2-5892-462B-94DD-E7DEC15D57F7}"
EndProject
Project("{2150E333-8FDC-42A3-9474-1A3956D46DE8}") = "3.3 - Data", "3.3 - Data", "{A30A2B08-96FC-475A-BE37-C437ACB86708}"
EndProject
Project("{FAE04EC0-301F-11D3-BF4B-00C04F79EFBC}") = "Contratos.Data", "Contratos.Data\Contratos.Data.csproj", "{8D0A5992-1C12-4A1D-9FC2-42D7A06FDCFA}"
EndProject
Project("{FAE04EC0-301F-11D3-BF4B-00C04F79EFBC}") = "Contratos.Repositories", "Contratos.Repositories\Contratos.Repositories.csproj", "{FA3F72AC-DC0A-41BA-8286-BDE5053BCC9B}"
EndProject
Project("{FAE04EC0-301F-11D3-BF4B-00C04F79EFBC}") = "Contratos.Ioc", "Contratos.Ioc\Contratos.Ioc.csproj", "{4A24E02E-78DA-43A9-860A-2079E595B18A}"
EndProject
Project("{FAE04EC0-301F-11D3-BF4B-00C04F79EFBC}") = "Contratos.App", "Contratos.App\Contratos.App.csproj", "{D27C2D0F-5CA7-4EB3-9544-EAAFE4FE2A90}"
EndProject
Global
	GlobalSection(SolutionConfigurationPlatforms) = preSolution
		Debug|Any CPU = Debug|Any CPU
		Release|Any CPU = Release|Any CPU
	EndGlobalSection
	GlobalSection(ProjectConfigurationPlatforms) = postSolution
		{C328E857-00DB-419B-8BF7-876DD2E0408D}.Debug|Any CPU.ActiveCfg = Debug|Any CPU
		{C328E857-00DB-419B-8BF7-876DD2E0408D}.Debug|Any CPU.Build.0 = Debug|Any CPU
		{C328E857-00DB-419B-8BF7-876DD2E0408D}.Release|Any CPU.ActiveCfg = Release|Any CPU
		{C328E857-00DB-419B-8BF7-876DD2E0408D}.Release|Any CPU.Build.0 = Release|Any CPU
		{D7AA5C43-FD30-42FC-AF6F-B8CD0C329943}.Debug|Any CPU.ActiveCfg = Debug|Any CPU
		{D7AA5C43-FD30-42FC-AF6F-B8CD0C329943}.Debug|Any CPU.Build.0 = Debug|Any CPU
		{D7AA5C43-FD30-42FC-AF6F-B8CD0C329943}.Release|Any CPU.ActiveCfg = Release|Any CPU
		{D7AA5C43-FD30-42FC-AF6F-B8CD0C329943}.Release|Any CPU.Build.0 = Release|Any CPU
		{8D0A5992-1C12-4A1D-9FC2-42D7A06FDCFA}.Debug|Any CPU.ActiveCfg = Debug|Any CPU
		{8D0A5992-1C12-4A1D-9FC2-42D7A06FDCFA}.Debug|Any CPU.Build.0 = Debug|Any CPU
		{8D0A5992-1C12-4A1D-9FC2-42D7A06FDCFA}.Release|Any CPU.ActiveCfg = Release|Any CPU
		{8D0A5992-1C12-4A1D-9FC2-42D7A06FDCFA}.Release|Any CPU.Build.0 = Release|Any CPU
		{FA3F72AC-DC0A-41BA-8286-BDE5053BCC9B}.Debug|Any CPU.ActiveCfg = Debug|Any CPU
		{FA3F72AC-DC0A-41BA-8286-BDE5053BCC9B}.Debug|Any CPU.Build.0 = Debug|Any CPU
		{FA3F72AC-DC0A-41BA-8286-BDE5053BCC9B}.Release|Any CPU.ActiveCfg = Release|Any CPU
		{FA3F72AC-DC0A-41BA-8286-BDE5053BCC9B}.Release|Any CPU.Build.0 = Release|Any CPU
		{4A24E02E-78DA-43A9-860A-2079E595B18A}.Debug|Any CPU.ActiveCfg = Debug|Any CPU
		{4A24E02E-78DA-43A9-860A-2079E595B18A}.Debug|Any CPU.Build.0 = Debug|Any CPU
		{4A24E02E-78DA-43A9-860A-2079E595B18A}.Release|Any CPU.ActiveCfg = Release|Any CPU
		{4A24E02E-78DA-43A9-860A-2079E595B18A}.Release|Any CPU.Build.0 = Release|Any CPU
		{D27C2D0F-5CA7-4EB3-9544-EAAFE4FE2A90}.Debug|Any CPU.ActiveCfg = Debug|Any CPU
		{D27C2D0F-5CA7-4EB3-9544-EAAFE4FE2A90}.Debug|Any CPU.Build.0 = Debug|Any CPU
		{D27C2D0F-5CA7-4EB3-9544-EAAFE4FE2A90}.Release|Any CPU.ActiveCfg = Release|Any CPU
		{D27C2D0F-5CA7-4EB3-9544-EAAFE4FE2A90}.Release|Any CPU.Build.0 = Release|Any CPU
	EndGlobalSection
	GlobalSection(SolutionProperties) = preSolution
		HideSolutionNode = FALSE
	EndGlobalSection
	GlobalSection(NestedProjects) = preSolution
		{C328E857-00DB-419B-8BF7-876DD2E0408D} = {327A84F1-8F33-4F99-8287-EF09A5BBDA04}
		{D7AA5C43-FD30-42FC-AF6F-B8CD0C329943} = {62144C48-0717-4F13-A67B-DFF8EE9893AB}
		{7E0A8916-07B3-492A-A51A-F998606B3AEA} = {F05DEAEA-CE44-431F-AA26-9411501E520D}
		{F8D65FB2-5892-462B-94DD-E7DEC15D57F7} = {F05DEAEA-CE44-431F-AA26-9411501E520D}
		{A30A2B08-96FC-475A-BE37-C437ACB86708} = {F05DEAEA-CE44-431F-AA26-9411501E520D}
		{8D0A5992-1C12-4A1D-9FC2-42D7A06FDCFA} = {A30A2B08-96FC-475A-BE37-C437ACB86708}
		{FA3F72AC-DC0A-41BA-8286-BDE5053BCC9B} = {F8D65FB2-5892-462B-94DD-E7DEC15D57F7}
		{4A24E02E-78DA-43A9-860A-2079E595B18A} = {7E0A8916-07B3-492A-A51A-F998606B3AEA}
		{D27C2D0F-5CA7-4EB3-9544-EAAFE4FE2A90} = {83149038-71CE-4B68-9037-4EC246B72404}
	EndGlobalSection
	GlobalSection(ExtensibilityGlobals) = postSolution
		SolutionGuid = {C94DAC91-CCD2-4991-8AC0-11F4F32A9EAB}
	EndGlobalSection
EndGlobal
